
Microsoft Visual Studio Solution File, Format Version 12.00
# Visual Studio 15
VisualStudioVersion = 15.0.28307.489
MinimumVisualStudioVersion = 10.0.40219.1
Project("{2150E333-8FDC-42A3-9474-1A3956D46DE8}") = "src", "src", "{21A6CD0C-AD63-42DD-9FA3-D2C3AFEB5E75}"
EndProject
Project("{2150E333-8FDC-42A3-9474-1A3956D46DE8}") = "tests", "tests", "{012D905E-DDC9-4614-8931-4116A897EB1F}"
EndProject
Project("{FAE04EC0-301F-11D3-BF4B-00C04F79EFBC}") = "Shelfy.API", "src\Shelfy.API\Shelfy.API.csproj", "{FA51D1C5-FFD0-48A3-9F9F-C17EA0939318}"
EndProject
Project("{FAE04EC0-301F-11D3-BF4B-00C04F79EFBC}") = "Shelfy.Core", "src\Shelfy.Core\Shelfy.Core.csproj", "{49B21897-8004-4B75-9E3C-CE9A66C83466}"
EndProject
Project("{FAE04EC0-301F-11D3-BF4B-00C04F79EFBC}") = "Shelfy.Tests", "tests\Shelfy.Tests\Shelfy.Tests.csproj", "{6237993E-AD97-443D-9D26-EE6374F689CA}"
EndProject
Project("{FAE04EC0-301F-11D3-BF4B-00C04F79EFBC}") = "Shelfy.Tests.EndToEnd", "tests\Shelfy.Tests.EndToEnd\Shelfy.Tests.EndToEnd.csproj", "{240BF44D-7398-4DC1-9EDC-0371CCB868A6}"
EndProject
Project("{9A19103F-16F7-4668-BE54-9A1E7A4F7556}") = "Shelfy.Infrastructure", "src\Shelfy.Infrastructure\Shelfy.Infrastructure.csproj", "{04EE50D9-9A96-4790-88A2-05BF291B0D77}"
EndProject
Global
	GlobalSection(SolutionConfigurationPlatforms) = preSolution
		Debug|Any CPU = Debug|Any CPU
		Release|Any CPU = Release|Any CPU
	EndGlobalSection
	GlobalSection(ProjectConfigurationPlatforms) = postSolution
		{FA51D1C5-FFD0-48A3-9F9F-C17EA0939318}.Debug|Any CPU.ActiveCfg = Debug|Any CPU
		{FA51D1C5-FFD0-48A3-9F9F-C17EA0939318}.Debug|Any CPU.Build.0 = Debug|Any CPU
		{FA51D1C5-FFD0-48A3-9F9F-C17EA0939318}.Release|Any CPU.ActiveCfg = Release|Any CPU
		{FA51D1C5-FFD0-48A3-9F9F-C17EA0939318}.Release|Any CPU.Build.0 = Release|Any CPU
		{49B21897-8004-4B75-9E3C-CE9A66C83466}.Debug|Any CPU.ActiveCfg = Debug|Any CPU
		{49B21897-8004-4B75-9E3C-CE9A66C83466}.Debug|Any CPU.Build.0 = Debug|Any CPU
		{49B21897-8004-4B75-9E3C-CE9A66C83466}.Release|Any CPU.ActiveCfg = Release|Any CPU
		{49B21897-8004-4B75-9E3C-CE9A66C83466}.Release|Any CPU.Build.0 = Release|Any CPU
		{6237993E-AD97-443D-9D26-EE6374F689CA}.Debug|Any CPU.ActiveCfg = Debug|Any CPU
		{6237993E-AD97-443D-9D26-EE6374F689CA}.Debug|Any CPU.Build.0 = Debug|Any CPU
		{6237993E-AD97-443D-9D26-EE6374F689CA}.Release|Any CPU.ActiveCfg = Release|Any CPU
		{6237993E-AD97-443D-9D26-EE6374F689CA}.Release|Any CPU.Build.0 = Release|Any CPU
		{240BF44D-7398-4DC1-9EDC-0371CCB868A6}.Debug|Any CPU.ActiveCfg = Debug|Any CPU
		{240BF44D-7398-4DC1-9EDC-0371CCB868A6}.Debug|Any CPU.Build.0 = Debug|Any CPU
		{240BF44D-7398-4DC1-9EDC-0371CCB868A6}.Release|Any CPU.ActiveCfg = Release|Any CPU
		{240BF44D-7398-4DC1-9EDC-0371CCB868A6}.Release|Any CPU.Build.0 = Release|Any CPU
		{04EE50D9-9A96-4790-88A2-05BF291B0D77}.Debug|Any CPU.ActiveCfg = Debug|Any CPU
		{04EE50D9-9A96-4790-88A2-05BF291B0D77}.Debug|Any CPU.Build.0 = Debug|Any CPU
		{04EE50D9-9A96-4790-88A2-05BF291B0D77}.Release|Any CPU.ActiveCfg = Release|Any CPU
		{04EE50D9-9A96-4790-88A2-05BF291B0D77}.Release|Any CPU.Build.0 = Release|Any CPU
	EndGlobalSection
	GlobalSection(SolutionProperties) = preSolution
		HideSolutionNode = FALSE
	EndGlobalSection
	GlobalSection(NestedProjects) = preSolution
		{FA51D1C5-FFD0-48A3-9F9F-C17EA0939318} = {21A6CD0C-AD63-42DD-9FA3-D2C3AFEB5E75}
		{49B21897-8004-4B75-9E3C-CE9A66C83466} = {21A6CD0C-AD63-42DD-9FA3-D2C3AFEB5E75}
		{6237993E-AD97-443D-9D26-EE6374F689CA} = {012D905E-DDC9-4614-8931-4116A897EB1F}
		{240BF44D-7398-4DC1-9EDC-0371CCB868A6} = {012D905E-DDC9-4614-8931-4116A897EB1F}
		{04EE50D9-9A96-4790-88A2-05BF291B0D77} = {21A6CD0C-AD63-42DD-9FA3-D2C3AFEB5E75}
	EndGlobalSection
	GlobalSection(ExtensibilityGlobals) = postSolution
		SolutionGuid = {3FDF19C1-DB9A-4568-B775-9D2D5FDA51C2}
	EndGlobalSection
EndGlobal
